
Microsoft Visual Studio Solution File, Format Version 12.00
# Visual Studio Express 2012 for Windows Desktop
Project("{FAE04EC0-301F-11D3-BF4B-00C04F79EFBC}") = "wfavbVBA2PHPone.Converted", "wfavbVBA2PHPone.Converted.csproj", "{6A81326A-C704-4C59-AB3A-7D143B62B4EA}"
EndProject
Global
	GlobalSection(SolutionConfigurationPlatforms) = preSolution
		Debug|Any CPU = Debug|Any CPU
		Release|Any CPU = Release|Any CPU
	EndGlobalSection
	GlobalSection(ProjectConfigurationPlatforms) = postSolution
		{6A81326A-C704-4C59-AB3A-7D143B62B4EA}.Debug|Any CPU.ActiveCfg = Debug|Any CPU
		{6A81326A-C704-4C59-AB3A-7D143B62B4EA}.Debug|Any CPU.Build.0 = Debug|Any CPU
		{6A81326A-C704-4C59-AB3A-7D143B62B4EA}.Release|Any CPU.ActiveCfg = Release|Any CPU
		{6A81326A-C704-4C59-AB3A-7D143B62B4EA}.Release|Any CPU.Build.0 = Release|Any CPU
	EndGlobalSection
	GlobalSection(SolutionProperties) = preSolution
		HideSolutionNode = FALSE
	EndGlobalSection
EndGlobal
